lockfileVersion: '9.0'

settings:
  autoInstallPeers: true
  excludeLinksFromLockfile: false

importers:

  .:
    dependencies:
      '@antfu/ni':
        specifier: ^0.23.0
        version: 0.23.2
      '@clack/prompts':
        specifier: ^0.11.0
        version: 0.11.0
      ansis:
        specifier: ^4.2.0
        version: 4.2.0
      magicast:
        specifier: ^0.5.1
        version: 0.5.1
      nanospinner:
        specifier: ^1.1.0
        version: 1.2.2
    devDependencies:
      '@types/node':
        specifier: ^20
        version: 20.19.24
      '@typescript/native-preview':
        specifier: 7.0.0-dev.20251110.1
        version: 7.0.0-dev.20251110.1
      oxfmt:
        specifier: ^0.12.0
        version: 0.12.0
      oxlint:
        specifier: ^1.26.0
        version: 1.26.0
      tsx:
        specifier: ^4.19.2
        version: 4.20.6

packages:

  '@antfu/ni@0.23.2':
    resolution: {integrity: sha512-FSEVWXvwroExDXUu8qV6Wqp2X3D1nJ0Li4LFymCyvCVrm7I3lNfG0zZWSWvGU1RE7891eTnFTyh31L3igOwNKQ==}
    hasBin: true

  '@babel/helper-string-parser@7.27.1':
    resolution: {integrity: sha512-qMlSxKbpRlAridDExk92nSobyDdpPijUq2DW6oDnUqd0iOGxmQjyqhMIihI9+zv4LPyZdRje2cavWPbCbWm3eA==}
    engines: {node: '>=6.9.0'}

  '@babel/helper-validator-identifier@7.28.5':
    resolution: {integrity: sha512-qSs4ifwzKJSV39ucNjsvc6WVHs6b7S03sOh2OcHF9UHfVPqWWALUsNUVzhSBiItjRZoLHx7nIarVjqKVusUZ1Q==}
    engines: {node: '>=6.9.0'}

  '@babel/parser@7.28.5':
    resolution: {integrity: sha512-KKBU1VGYR7ORr3At5HAtUQ+TV3SzRCXmA/8OdDZiLDBIZxVyzXuztPjfLd3BV1PRAQGCMWWSHYhL0F8d5uHBDQ==}
    engines: {node: '>=6.0.0'}
    hasBin: true

  '@babel/types@7.28.5':
    resolution: {integrity: sha512-qQ5m48eI/MFLQ5PxQj4PFaprjyCTLI37ElWMmNs0K8Lk3dVeOdNpB3ks8jc7yM5CDmVC73eMVk/trk3fgmrUpA==}
    engines: {node: '>=6.9.0'}

  '@clack/core@0.5.0':
    resolution: {integrity: sha512-p3y0FIOwaYRUPRcMO7+dlmLh8PSRcrjuTndsiA0WAFbWES0mLZlrjVoBRZ9DzkPFJZG6KGkJmoEAY0ZcVWTkow==}

  '@clack/prompts@0.11.0':
    resolution: {integrity: sha512-pMN5FcrEw9hUkZA4f+zLlzivQSeQf5dRGJjSUbvVYDLvpKCdQx5OaknvKzgbtXOizhP+SJJJjqEbOe55uKKfAw==}

  '@esbuild/aix-ppc64@0.25.12':
    resolution: {integrity: sha512-Hhmwd6CInZ3dwpuGTF8fJG6yoWmsToE+vYgD4nytZVxcu1ulHpUQRAB1UJ8+N1Am3Mz4+xOByoQoSZf4D+CpkA==}
    engines: {node: '>=18'}
    cpu: [ppc64]
    os: [aix]

  '@esbuild/android-arm64@0.25.12':
    resolution: {integrity: sha512-6AAmLG7zwD1Z159jCKPvAxZd4y/VTO0VkprYy+3N2FtJ8+BQWFXU+OxARIwA46c5tdD9SsKGZ/1ocqBS/gAKHg==}
    engines: {node: '>=18'}
    cpu: [arm64]
    os: [android]

  '@esbuild/android-arm@0.25.12':
    resolution: {integrity: sha512-VJ+sKvNA/GE7Ccacc9Cha7bpS8nyzVv0jdVgwNDaR4gDMC/2TTRc33Ip8qrNYUcpkOHUT5OZ0bUcNNVZQ9RLlg==}
    engines: {node: '>=18'}
    cpu: [arm]
    os: [android]

  '@esbuild/android-x64@0.25.12':
    resolution: {integrity: sha512-5jbb+2hhDHx5phYR2By8GTWEzn6I9UqR11Kwf22iKbNpYrsmRB18aX/9ivc5cabcUiAT/wM+YIZ6SG9QO6a8kg==}
    engines: {node: '>=18'}
    cpu: [x64]
    os: [android]

  '@esbuild/darwin-arm64@0.25.12':
    resolution: {integrity: sha512-N3zl+lxHCifgIlcMUP5016ESkeQjLj/959RxxNYIthIg+CQHInujFuXeWbWMgnTo4cp5XVHqFPmpyu9J65C1Yg==}
    engines: {node: '>=18'}
    cpu: [arm64]
    os: [darwin]

  '@esbuild/darwin-x64@0.25.12':
    resolution: {integrity: sha512-HQ9ka4Kx21qHXwtlTUVbKJOAnmG1ipXhdWTmNXiPzPfWKpXqASVcWdnf2bnL73wgjNrFXAa3yYvBSd9pzfEIpA==}
    engines: {node: '>=18'}
    cpu: [x64]
    os: [darwin]

  '@esbuild/freebsd-arm64@0.25.12':
    resolution: {integrity: sha512-gA0Bx759+7Jve03K1S0vkOu5Lg/85dou3EseOGUes8flVOGxbhDDh/iZaoek11Y8mtyKPGF3vP8XhnkDEAmzeg==}
    engines: {node: '>=18'}
    cpu: [arm64]
    os: [freebsd]

  '@esbuild/freebsd-x64@0.25.12':
    resolution: {integrity: sha512-TGbO26Yw2xsHzxtbVFGEXBFH0FRAP7gtcPE7P5yP7wGy7cXK2oO7RyOhL5NLiqTlBh47XhmIUXuGciXEqYFfBQ==}
    engines: {node: '>=18'}
    cpu: [x64]
    os: [freebsd]

  '@esbuild/linux-arm64@0.25.12':
    resolution: {integrity: sha512-8bwX7a8FghIgrupcxb4aUmYDLp8pX06rGh5HqDT7bB+8Rdells6mHvrFHHW2JAOPZUbnjUpKTLg6ECyzvas2AQ==}
    engines: {node: '>=18'}
    cpu: [arm64]
    os: [linux]

  '@esbuild/linux-arm@0.25.12':
    resolution: {integrity: sha512-lPDGyC1JPDou8kGcywY0YILzWlhhnRjdof3UlcoqYmS9El818LLfJJc3PXXgZHrHCAKs/Z2SeZtDJr5MrkxtOw==}
    engines: {node: '>=18'}
    cpu: [arm]
    os: [linux]

  '@esbuild/linux-ia32@0.25.12':
    resolution: {integrity: sha512-0y9KrdVnbMM2/vG8KfU0byhUN+EFCny9+8g202gYqSSVMonbsCfLjUO+rCci7pM0WBEtz+oK/PIwHkzxkyharA==}
    engines: {node: '>=18'}
    cpu: [ia32]
    os: [linux]

  '@esbuild/linux-loong64@0.25.12':
    resolution: {integrity: sha512-h///Lr5a9rib/v1GGqXVGzjL4TMvVTv+s1DPoxQdz7l/AYv6LDSxdIwzxkrPW438oUXiDtwM10o9PmwS/6Z0Ng==}
    engines: {node: '>=18'}
    cpu: [loong64]
    os: [linux]

  '@esbuild/linux-mips64el@0.25.12':
    resolution: {integrity: sha512-iyRrM1Pzy9GFMDLsXn1iHUm18nhKnNMWscjmp4+hpafcZjrr2WbT//d20xaGljXDBYHqRcl8HnxbX6uaA/eGVw==}
    engines: {node: '>=18'}
    cpu: [mips64el]
    os: [linux]

  '@esbuild/linux-ppc64@0.25.12':
    resolution: {integrity: sha512-9meM/lRXxMi5PSUqEXRCtVjEZBGwB7P/D4yT8UG/mwIdze2aV4Vo6U5gD3+RsoHXKkHCfSxZKzmDssVlRj1QQA==}
    engines: {node: '>=18'}
    cpu: [ppc64]
    os: [linux]

  '@esbuild/linux-riscv64@0.25.12':
    resolution: {integrity: sha512-Zr7KR4hgKUpWAwb1f3o5ygT04MzqVrGEGXGLnj15YQDJErYu/BGg+wmFlIDOdJp0PmB0lLvxFIOXZgFRrdjR0w==}
    engines: {node: '>=18'}
    cpu: [riscv64]
    os: [linux]

  '@esbuild/linux-s390x@0.25.12':
    resolution: {integrity: sha512-MsKncOcgTNvdtiISc/jZs/Zf8d0cl/t3gYWX8J9ubBnVOwlk65UIEEvgBORTiljloIWnBzLs4qhzPkJcitIzIg==}
    engines: {node: '>=18'}
    cpu: [s390x]
    os: [linux]

  '@esbuild/linux-x64@0.25.12':
    resolution: {integrity: sha512-uqZMTLr/zR/ed4jIGnwSLkaHmPjOjJvnm6TVVitAa08SLS9Z0VM8wIRx7gWbJB5/J54YuIMInDquWyYvQLZkgw==}
    engines: {node: '>=18'}
    cpu: [x64]
    os: [linux]

  '@esbuild/netbsd-arm64@0.25.12':
    resolution: {integrity: sha512-xXwcTq4GhRM7J9A8Gv5boanHhRa/Q9KLVmcyXHCTaM4wKfIpWkdXiMog/KsnxzJ0A1+nD+zoecuzqPmCRyBGjg==}
    engines: {node: '>=18'}
    cpu: [arm64]
    os: [netbsd]

  '@esbuild/netbsd-x64@0.25.12':
    resolution: {integrity: sha512-Ld5pTlzPy3YwGec4OuHh1aCVCRvOXdH8DgRjfDy/oumVovmuSzWfnSJg+VtakB9Cm0gxNO9BzWkj6mtO1FMXkQ==}
    engines: {node: '>=18'}
    cpu: [x64]
    os: [netbsd]

  '@esbuild/openbsd-arm64@0.25.12':
    resolution: {integrity: sha512-fF96T6KsBo/pkQI950FARU9apGNTSlZGsv1jZBAlcLL1MLjLNIWPBkj5NlSz8aAzYKg+eNqknrUJ24QBybeR5A==}
    engines: {node: '>=18'}
    cpu: [arm64]
    os: [openbsd]

  '@esbuild/openbsd-x64@0.25.12':
    resolution: {integrity: sha512-MZyXUkZHjQxUvzK7rN8DJ3SRmrVrke8ZyRusHlP+kuwqTcfWLyqMOE3sScPPyeIXN/mDJIfGXvcMqCgYKekoQw==}
    engines: {node: '>=18'}
    cpu: [x64]
    os: [openbsd]

  '@esbuild/openharmony-arm64@0.25.12':
    resolution: {integrity: sha512-rm0YWsqUSRrjncSXGA7Zv78Nbnw4XL6/dzr20cyrQf7ZmRcsovpcRBdhD43Nuk3y7XIoW2OxMVvwuRvk9XdASg==}
    engines: {node: '>=18'}
    cpu: [arm64]
    os: [openharmony]

  '@esbuild/sunos-x64@0.25.12':
    resolution: {integrity: sha512-3wGSCDyuTHQUzt0nV7bocDy72r2lI33QL3gkDNGkod22EsYl04sMf0qLb8luNKTOmgF/eDEDP5BFNwoBKH441w==}
    engines: {node: '>=18'}
    cpu: [x64]
    os: [sunos]

  '@esbuild/win32-arm64@0.25.12':
    resolution: {integrity: sha512-rMmLrur64A7+DKlnSuwqUdRKyd3UE7oPJZmnljqEptesKM8wx9J8gx5u0+9Pq0fQQW8vqeKebwNXdfOyP+8Bsg==}
    engines: {node: '>=18'}
    cpu: [arm64]
    os: [win32]

  '@esbuild/win32-ia32@0.25.12':
    resolution: {integrity: sha512-HkqnmmBoCbCwxUKKNPBixiWDGCpQGVsrQfJoVGYLPT41XWF8lHuE5N6WhVia2n4o5QK5M4tYr21827fNhi4byQ==}
    engines: {node: '>=18'}
    cpu: [ia32]
    os: [win32]

  '@esbuild/win32-x64@0.25.12':
    resolution: {integrity: sha512-alJC0uCZpTFrSL0CCDjcgleBXPnCrEAhTBILpeAp7M/OFgoqtAetfBzX0xM00MUsVVPpVjlPuMbREqnZCXaTnA==}
    engines: {node: '>=18'}
    cpu: [x64]
    os: [win32]

  '@oxfmt/darwin-arm64@0.12.0':
    resolution: {integrity: sha512-Tt0H6agVvpex+Fk8ezSe4y+KMufbIzQaAIMpTOsssGz/0BK0HCrwc/F3HYNDA+28USl9vlQRuYBpPu5e5EOFaw==}
    cpu: [arm64]
    os: [darwin]

  '@oxfmt/darwin-x64@0.12.0':
    resolution: {integrity: sha512-8Yl4dQOjENxZ3EWof9RJjQM3wnfFIBA0QfPXRCDs8mZMOZ2Ij+v+lj8wCy+ghIsxKlhuj0xvWpbZ37J4iSYbGw==}
    cpu: [x64]
    os: [darwin]

  '@oxfmt/linux-arm64-gnu@0.12.0':
    resolution: {integrity: sha512-D9IvgFzssYwlxnn3rqN0/nDmMBlbMnCZ6KCOV0DSv0RXKxcOM+F6Xo3XhjXnlUYSPZE1YJTNCDax3OKTSV1UUw==}
    cpu: [arm64]
    os: [linux]

  '@oxfmt/linux-arm64-musl@0.12.0':
    resolution: {integrity: sha512-zZAEgl+XY49O/BWQpzuIB/R2jNuiwqfic3t96S5lpebT+HLU+cSqqShtMJzvjOezjEyLa51c85OHNWhp2Hq/Qg==}
    cpu: [arm64]
    os: [linux]

  '@oxfmt/linux-x64-gnu@0.12.0':
    resolution: {integrity: sha512-mBK258YlurQR9ibm13XmfcS1wrR58bQe0vnCC2pOlPK+2q+3fh51BC+p+eCGgU7chUkD9IqBQU0DJ15y89Nppw==}
    cpu: [x64]
    os: [linux]

  '@oxfmt/linux-x64-musl@0.12.0':
    resolution: {integrity: sha512-z946smaQdxa6EWWkVOl3kAecZTin+4g6h7Ag3SCu4rqU0vIl/AUlgpQzISSUGYcOcIw2cubTs9hUz4Vw+x1C0w==}
    cpu: [x64]
    os: [linux]

  '@oxfmt/win32-arm64@0.12.0':
    resolution: {integrity: sha512-9jP8inHmtmXqVBlYfR6ILRQ7EuDl0x3T91PSX65m7DYMgrsGJZlKNbLdg625R1AuVp02FaAmW3zntTFwX32rvw==}
    cpu: [arm64]
    os: [win32]

  '@oxfmt/win32-x64@0.12.0':
    resolution: {integrity: sha512-F4vqvChc2tTBxPupXw8zjM6gKf4MbNZiUwNoFVeBRzNC7MOcx2c3v5hISkvUZ198srCKBWWftHiWOqK05EeBWA==}
    cpu: [x64]
    os: [win32]

  '@oxlint/darwin-arm64@1.26.0':
    resolution: {integrity: sha512-kTmm1opqyn7iZopWHO3Ml4D/44pA5eknZBepgxCnTaPrW8XgCEUI85Q5AvOOvoNve8NziTYb8ax+CyuGJIgn/Q==}
    cpu: [arm64]
    os: [darwin]

  '@oxlint/darwin-x64@1.26.0':
    resolution: {integrity: sha512-/hMfZ9j7ZzVPRmMm02PHNc6MIMk0QYv5VowZJRIp40YLqLPvFfGNGZBj8e1fDVgZMFEGWDQK3yrt1uBKxXAK4Q==}
    cpu: [x64]
    os: [darwin]

  '@oxlint/linux-arm64-gnu@1.26.0':
    resolution: {integrity: sha512-iv4wdrwdCa8bhJxOpKlvfxqTs0LgW5tKBUMvH9B13zREHm1xT9JRZ8cQbbKiyC6LNdggwu5S6TSvODgAu7/DlA==}
    cpu: [arm64]
    os: [linux]

  '@oxlint/linux-arm64-musl@1.26.0':
    resolution: {integrity: sha512-a3gTbnN1JzedxqYeGTkg38BAs/r3Krd2DPNs/MF7nnHthT3RzkPUk47isMePLuNc4e/Weljn7m2m/Onx22tiNg==}
    cpu: [arm64]
    os: [linux]

  '@oxlint/linux-x64-gnu@1.26.0':
    resolution: {integrity: sha512-cCAyqyuKpFImjlgiBuuwSF+aDBW2h19/aCmHMTMSp6KXwhoQK7/Xx7/EhZKP5wiQJzVUYq5fXr0D8WmpLGsjRg==}
    cpu: [x64]
    os: [linux]

  '@oxlint/linux-x64-musl@1.26.0':
    resolution: {integrity: sha512-8VOJ4vQo0G1tNdaghxrWKjKZGg73tv+FoMDrtNYuUesqBHZN68FkYCsgPwEsacLhCmtoZrkF3ePDWDuWEpDyAg==}
    cpu: [x64]
    os: [linux]

  '@oxlint/win32-arm64@1.26.0':
    resolution: {integrity: sha512-N8KUtzP6gfEHKvaIBZCS9g8wRfqV5v55a/B8iJjIEhtMehcEM+UX+aYRsQ4dy5oBCrK3FEp4Yy/jHgb0moLm3Q==}
    cpu: [arm64]
    os: [win32]

  '@oxlint/win32-x64@1.26.0':
    resolution: {integrity: sha512-7tCyG0laduNQ45vzB9blVEGq/6DOvh7AFmiUAana8mTp0zIKQQmwJ21RqhazH0Rk7O6lL7JYzKcu+zaJHGpRLA==}
    cpu: [x64]
    os: [win32]

  '@types/node@20.19.24':
    resolution: {integrity: sha512-FE5u0ezmi6y9OZEzlJfg37mqqf6ZDSF2V/NLjUyGrR9uTZ7Sb9F7bLNZ03S4XVUNRWGA7Ck4c1kK+YnuWjl+DA==}

  '@typescript/native-preview-darwin-arm64@7.0.0-dev.20251110.1':
    resolution: {integrity: sha512-x3DskzZCgk5qA7BCcCC/8XuZiycvZk5reeqkNTuDYeWyF1ZCKa8WWZRbW5LaunaOtXV6UsAPRCqRC8Wx34mMCg==}
    cpu: [arm64]
    os: [darwin]

  '@typescript/native-preview-darwin-x64@7.0.0-dev.20251110.1':
    resolution: {integrity: sha512-tuS4akGtsPs+RTiVXEXOT41+as23DXCOhzeOEtYYVdhWVuMBYLHksdTx5PGoQrCc4SfETp5jDwhyqUaVYLDGcA==}
    cpu: [x64]
    os: [darwin]

  '@typescript/native-preview-linux-arm64@7.0.0-dev.20251110.1':
    resolution: {integrity: sha512-IvSeQ1iw4uvBZ8+XrO9z80J9KfbkbTzfXliPHUsjZqEtpOJTf/Mv7xzMbv4mN4xOEGVUyBG47p846oW2HknogA==}
    cpu: [arm64]
    os: [linux]

  '@typescript/native-preview-linux-arm@7.0.0-dev.20251110.1':
    resolution: {integrity: sha512-I9zOzHXFqIQIcTcf2Sx9EF6gLOKXUCMo5gsjoQm4/R22+19+TMLeAs7Q1aTvd8CX8kFCtpI1eeyNzIf76rxELA==}
    cpu: [arm]
    os: [linux]

  '@typescript/native-preview-linux-x64@7.0.0-dev.20251110.1':
    resolution: {integrity: sha512-OWy32tgpP70rSRvmQZ6OgJpuv1pi4mQdng00eF3tfHheHluX3mvqqe86H0FOv5B9PuxlGwOZSUot1XHWadhAWg==}
    cpu: [x64]
    os: [linux]

  '@typescript/native-preview-win32-arm64@7.0.0-dev.20251110.1':
    resolution: {integrity: sha512-u/Bo0gIcQCv/4MDnV5f2FZR1dEdN2jk3MfkmJLKGG1zwbak4MY7sWNzvSRJHihwK2SxtcJEHus4tKb2ra2Rhig==}
    cpu: [arm64]
    os: [win32]

  '@typescript/native-preview-win32-x64@7.0.0-dev.20251110.1':
    resolution: {integrity: sha512-1CysgwFRuNjR0bBYv6RI3fbXtAwzD5OlbxqOQFhf2lUulMZRIkP1w4eCChSndLVCTfnUEt5Bnmn1JEUauIE+kQ==}
    cpu: [x64]
    os: [win32]

  '@typescript/native-preview@7.0.0-dev.20251110.1':
    resolution: {integrity: sha512-yzCDN6wUV1kibefOTwxw1MdeIgaJOgN5/a06cMyUlEDcXBriV4O2v+yeXY8c3yzUaVVVO8CKtHPbCMwro4j1Dw==}
    hasBin: true

  ansis@4.2.0:
    resolution: {integrity: sha512-HqZ5rWlFjGiV0tDm3UxxgNRqsOTniqoKZu0pIAfh7TZQMGuZK+hH0drySty0si0QXj1ieop4+SkSfPZBPPkHig==}
    engines: {node: '>=14'}

  esbuild@0.25.12:
    resolution: {integrity: sha512-bbPBYYrtZbkt6Os6FiTLCTFxvq4tt3JKall1vRwshA3fdVztsLAatFaZobhkBC8/BrPetoa0oksYoKXoG4ryJg==}
    engines: {node: '>=18'}
    hasBin: true

  fsevents@2.3.3:
    resolution: {integrity: sha512-5xoDfX+fL7faATnagmWPpbFtwh/R77WmMMqqHGS65C3vvB0YHrgF+B1YmZ3441tMj5n63k0212XNoJwzlhffQw==}
    engines: {node: ^8.16.0 || ^10.6.0 || >=11.0.0}
    os: [darwin]

  get-tsconfig@4.13.0:
    resolution: {integrity: sha512-1VKTZJCwBrvbd+Wn3AOgQP/2Av+TfTCOlE4AcRJE72W1ksZXbAx8PPBR9RzgTeSPzlPMHrbANMH3LbltH73wxQ==}

  magicast@0.5.1:
    resolution: {integrity: sha512-xrHS24IxaLrvuo613F719wvOIv9xPHFWQHuvGUBmPnCA/3MQxKI3b+r7n1jAoDHmsbC5bRhTZYR77invLAxVnw==}

  nanospinner@1.2.2:
    resolution: {integrity: sha512-Zt/AmG6qRU3e+WnzGGLuMCEAO/dAu45stNbHY223tUxldaDAeE+FxSPsd9Q+j+paejmm0ZbrNVs5Sraqy3dRxA==}

  oxfmt@0.12.0:
    resolution: {integrity: sha512-Gaq38LpUjqovCg0Qks3l2prTyV7pYpmq7TwIXOyC+VVCWR86gttPBtrMJbK9m6Z3Kv0hYCOSAdoL2V7Kw6b0xg==}
    engines: {node: ^20.19.0 || >=22.12.0}
    hasBin: true

  oxlint@1.26.0:
    resolution: {integrity: sha512-KRpL+SMi07JQyggv5ldIF+wt2pnrKm8NLW0B+8bK+0HZsLmH9/qGA+qMWie5Vf7lnlMBllJmsuzHaKFEGY3rIA==}
    engines: {node: ^20.19.0 || >=22.12.0}
    hasBin: true
    peerDependencies:
      oxlint-tsgolint: '>=0.4.0'
    peerDependenciesMeta:
      oxlint-tsgolint:
        optional: true

  picocolors@1.1.1:
    resolution: {integrity: sha512-xceH2snhtb5M9liqDsmEw56le376mTZkEX/jEb/RxNFyegNul7eNslCXP9FDj/Lcu0X8KEyMceP2ntpaHrDEVA==}

  resolve-pkg-maps@1.0.0:
    resolution: {integrity: sha512-seS2Tj26TBVOC2NIc2rOe2y2ZO7efxITtLZcGSOnHHNOQ7CkiUBfw0Iw2ck6xkIhPwLhKNLS8BO+hEpngQlqzw==}

  sisteransi@1.0.5:
    resolution: {integrity: sha512-bLGGlR1QxBcynn2d5YmDX4MGjlZvy2MRBDRNHLJ8VI6l6+9FUiyTFNJ0IveOSP0bcXgVDPRcfGqA0pjaqUpfVg==}

  source-map-js@1.2.1:
    resolution: {integrity: sha512-UXWMKhLOwVKb728IUtQPXxfYU+usdybtUrK/8uGE8CQMvrhOpwvzDBwj0QhSL7MQc7vIsISBG8VQ8+IDQxpfQA==}
    engines: {node: '>=0.10.0'}

  tsx@4.20.6:
    resolution: {integrity: sha512-ytQKuwgmrrkDTFP4LjR0ToE2nqgy886GpvRSpU0JAnrdBYppuY5rLkRUYPU1yCryb24SsKBTL/hlDQAEFVwtZg==}
    engines: {node: '>=18.0.0'}
    hasBin: true

  undici-types@6.21.0:
    resolution: {integrity: sha512-iwDZqg0QAGrg9Rav5H4n0M64c3mkR59cJ6wQp+7C4nI0gsmExaedaYLNO44eT4AtBBwjbTiGPMlt2Md0T9H9JQ==}

snapshots:

  '@antfu/ni@0.23.2': {}

  '@babel/helper-string-parser@7.27.1': {}

  '@babel/helper-validator-identifier@7.28.5': {}

  '@babel/parser@7.28.5':
    dependencies:
      '@babel/types': 7.28.5

  '@babel/types@7.28.5':
    dependencies:
      '@babel/helper-string-parser': 7.27.1
      '@babel/helper-validator-identifier': 7.28.5

  '@clack/core@0.5.0':
    dependencies:
      picocolors: 1.1.1
      sisteransi: 1.0.5

  '@clack/prompts@0.11.0':
    dependencies:
      '@clack/core': 0.5.0
      picocolors: 1.1.1
      sisteransi: 1.0.5

  '@esbuild/aix-ppc64@0.25.12':
    optional: true

  '@esbuild/android-arm64@0.25.12':
    optional: true

  '@esbuild/android-arm@0.25.12':
    optional: true

  '@esbuild/android-x64@0.25.12':
    optional: true

  '@esbuild/darwin-arm64@0.25.12':
    optional: true

  '@esbuild/darwin-x64@0.25.12':
    optional: true

  '@esbuild/freebsd-arm64@0.25.12':
    optional: true

  '@esbuild/freebsd-x64@0.25.12':
    optional: true

  '@esbuild/linux-arm64@0.25.12':
    optional: true

  '@esbuild/linux-arm@0.25.12':
    optional: true

  '@esbuild/linux-ia32@0.25.12':
    optional: true

  '@esbuild/linux-loong64@0.25.12':
    optional: true

  '@esbuild/linux-mips64el@0.25.12':
    optional: true

  '@esbuild/linux-ppc64@0.25.12':
    optional: true

  '@esbuild/linux-riscv64@0.25.12':
    optional: true

  '@esbuild/linux-s390x@0.25.12':
    optional: true

  '@esbuild/linux-x64@0.25.12':
    optional: true

  '@esbuild/netbsd-arm64@0.25.12':
    optional: true

  '@esbuild/netbsd-x64@0.25.12':
    optional: true

  '@esbuild/openbsd-arm64@0.25.12':
    optional: true

  '@esbuild/openbsd-x64@0.25.12':
    optional: true

  '@esbuild/openharmony-arm64@0.25.12':
    optional: true

  '@esbuild/sunos-x64@0.25.12':
    optional: true

  '@esbuild/win32-arm64@0.25.12':
    optional: true

  '@esbuild/win32-ia32@0.25.12':
    optional: true

  '@esbuild/win32-x64@0.25.12':
    optional: true

  '@oxfmt/darwin-arm64@0.12.0':
    optional: true

  '@oxfmt/darwin-x64@0.12.0':
    optional: true

  '@oxfmt/linux-arm64-gnu@0.12.0':
    optional: true

  '@oxfmt/linux-arm64-musl@0.12.0':
    optional: true

  '@oxfmt/linux-x64-gnu@0.12.0':
    optional: true

  '@oxfmt/linux-x64-musl@0.12.0':
    optional: true

  '@oxfmt/win32-arm64@0.12.0':
    optional: true

  '@oxfmt/win32-x64@0.12.0':
    optional: true

  '@oxlint/darwin-arm64@1.26.0':
    optional: true

  '@oxlint/darwin-x64@1.26.0':
    optional: true

  '@oxlint/linux-arm64-gnu@1.26.0':
    optional: true

  '@oxlint/linux-arm64-musl@1.26.0':
    optional: true

  '@oxlint/linux-x64-gnu@1.26.0':
    optional: true

  '@oxlint/linux-x64-musl@1.26.0':
    optional: true

  '@oxlint/win32-arm64@1.26.0':
    optional: true

  '@oxlint/win32-x64@1.26.0':
    optional: true

  '@types/node@20.19.24':
    dependencies:
      undici-types: 6.21.0

  '@typescript/native-preview-darwin-arm64@7.0.0-dev.20251110.1':
    optional: true

  '@typescript/native-preview-darwin-x64@7.0.0-dev.20251110.1':
    optional: true

  '@typescript/native-preview-linux-arm64@7.0.0-dev.20251110.1':
    optional: true

  '@typescript/native-preview-linux-arm@7.0.0-dev.20251110.1':
    optional: true

  '@typescript/native-preview-linux-x64@7.0.0-dev.20251110.1':
    optional: true

  '@typescript/native-preview-win32-arm64@7.0.0-dev.20251110.1':
    optional: true

  '@typescript/native-preview-win32-x64@7.0.0-dev.20251110.1':
    optional: true

  '@typescript/native-preview@7.0.0-dev.20251110.1':
    optionalDependencies:
      '@typescript/native-preview-darwin-arm64': 7.0.0-dev.20251110.1
      '@typescript/native-preview-darwin-x64': 7.0.0-dev.20251110.1
      '@typescript/native-preview-linux-arm': 7.0.0-dev.20251110.1
      '@typescript/native-preview-linux-arm64': 7.0.0-dev.20251110.1
      '@typescript/native-preview-linux-x64': 7.0.0-dev.20251110.1
      '@typescript/native-preview-win32-arm64': 7.0.0-dev.20251110.1
      '@typescript/native-preview-win32-x64': 7.0.0-dev.20251110.1

  ansis@4.2.0: {}

  esbuild@0.25.12:
    optionalDependencies:
      '@esbuild/aix-ppc64': 0.25.12
      '@esbuild/android-arm': 0.25.12
      '@esbuild/android-arm64': 0.25.12
      '@esbuild/android-x64': 0.25.12
      '@esbuild/darwin-arm64': 0.25.12
      '@esbuild/darwin-x64': 0.25.12
      '@esbuild/freebsd-arm64': 0.25.12
      '@esbuild/freebsd-x64': 0.25.12
      '@esbuild/linux-arm': 0.25.12
      '@esbuild/linux-arm64': 0.25.12
      '@esbuild/linux-ia32': 0.25.12
      '@esbuild/linux-loong64': 0.25.12
      '@esbuild/linux-mips64el': 0.25.12
      '@esbuild/linux-ppc64': 0.25.12
      '@esbuild/linux-riscv64': 0.25.12
      '@esbuild/linux-s390x': 0.25.12
      '@esbuild/linux-x64': 0.25.12
      '@esbuild/netbsd-arm64': 0.25.12
      '@esbuild/netbsd-x64': 0.25.12
      '@esbuild/openbsd-arm64': 0.25.12
      '@esbuild/openbsd-x64': 0.25.12
      '@esbuild/openharmony-arm64': 0.25.12
      '@esbuild/sunos-x64': 0.25.12
      '@esbuild/win32-arm64': 0.25.12
      '@esbuild/win32-ia32': 0.25.12
      '@esbuild/win32-x64': 0.25.12

  fsevents@2.3.3:
    optional: true

  get-tsconfig@4.13.0:
    dependencies:
      resolve-pkg-maps: 1.0.0

  magicast@0.5.1:
    dependencies:
      '@babel/parser': 7.28.5
      '@babel/types': 7.28.5
      source-map-js: 1.2.1

  nanospinner@1.2.2:
    dependencies:
      picocolors: 1.1.1

  oxfmt@0.12.0:
    optionalDependencies:
      '@oxfmt/darwin-arm64': 0.12.0
      '@oxfmt/darwin-x64': 0.12.0
      '@oxfmt/linux-arm64-gnu': 0.12.0
      '@oxfmt/linux-arm64-musl': 0.12.0
      '@oxfmt/linux-x64-gnu': 0.12.0
      '@oxfmt/linux-x64-musl': 0.12.0
      '@oxfmt/win32-arm64': 0.12.0
      '@oxfmt/win32-x64': 0.12.0

  oxlint@1.26.0:
    optionalDependencies:
      '@oxlint/darwin-arm64': 1.26.0
      '@oxlint/darwin-x64': 1.26.0
      '@oxlint/linux-arm64-gnu': 1.26.0
      '@oxlint/linux-arm64-musl': 1.26.0
      '@oxlint/linux-x64-gnu': 1.26.0
      '@oxlint/linux-x64-musl': 1.26.0
      '@oxlint/win32-arm64': 1.26.0
      '@oxlint/win32-x64': 1.26.0

  picocolors@1.1.1: {}

  resolve-pkg-maps@1.0.0: {}

  sisteransi@1.0.5: {}

  source-map-js@1.2.1: {}

  tsx@4.20.6:
    dependencies:
      esbuild: 0.25.12
      get-tsconfig: 4.13.0
    optionalDependencies:
      fsevents: 2.3.3

  undici-types@6.21.0: {}
